
Microsoft Visual Studio Solution File, Format Version 12.00
# Visual Studio Version 17
VisualStudioVersion = 17.1.32328.378
MinimumVisualStudioVersion = 10.0.40219.1
Project("{FAE04EC0-301F-11D3-BF4B-00C04F79EFBC}") = "pie", "pie.csproj", "{DF7AB167-4F95-4440-85A1-E54545F91796}"
EndProject
Global
	GlobalSection(SolutionConfigurationPlatforms) = preSolution
		Debug|Any CPU = Debug|Any CPU
		Release|Any CPU = Release|Any CPU
	EndGlobalSection
	GlobalSection(ProjectConfigurationPlatforms) = postSolution
		{DF7AB167-4F95-4440-85A1-E54545F91796}.Debug|Any CPU.ActiveCfg = Debug|Any CPU
		{DF7AB167-4F95-4440-85A1-E54545F91796}.Debug|Any CPU.Build.0 = Debug|Any CPU
		{DF7AB167-4F95-4440-85A1-E54545F91796}.Release|Any CPU.ActiveCfg = Release|Any CPU
		{DF7AB167-4F95-4440-85A1-E54545F91796}.Release|Any CPU.Build.0 = Release|Any CPU
	EndGlobalSection
	GlobalSection(SolutionProperties) = preSolution
		HideSolutionNode = FALSE
	EndGlobalSection
	GlobalSection(ExtensibilityGlobals) = postSolution
		SolutionGuid = {AB920CE0-8E2A-43FA-8954-0FB694C06891}
	EndGlobalSection
EndGlobal
